
Microsoft Visual Studio Solution File, Format Version 12.00
# Visual Studio Version 17
VisualStudioVersion = 17.0.31903.59
MinimumVisualStudioVersion = 10.0.40219.1
Project("{2150E333-8FDC-42A3-9474-1A3956D46DE8}") = "src", "src", "{34B25A26-A4A2-45A2-9690-DB1E22F5F921}"
EndProject
Project("{FAE04EC0-301F-11D3-BF4B-00C04F79EFBC}") = "Portfolio.Api", "src\Portfolio.Api\Portfolio.Api.csproj", "{7AFAE809-5D29-4DDC-A8A1-3F8E09F24E40}"
EndProject
Global
	GlobalSection(SolutionConfigurationPlatforms) = preSolution
		Debug|Any CPU = Debug|Any CPU
		Release|Any CPU = Release|Any CPU
	EndGlobalSection
	GlobalSection(SolutionProperties) = preSolution
		HideSolutionNode = FALSE
	EndGlobalSection
	GlobalSection(ProjectConfigurationPlatforms) = postSolution
		{7AFAE809-5D29-4DDC-A8A1-3F8E09F24E40}.Debug|Any CPU.ActiveCfg = Debug|Any CPU
		{7AFAE809-5D29-4DDC-A8A1-3F8E09F24E40}.Debug|Any CPU.Build.0 = Debug|Any CPU
		{7AFAE809-5D29-4DDC-A8A1-3F8E09F24E40}.Release|Any CPU.ActiveCfg = Release|Any CPU
		{7AFAE809-5D29-4DDC-A8A1-3F8E09F24E40}.Release|Any CPU.Build.0 = Release|Any CPU
	EndGlobalSection
	GlobalSection(NestedProjects) = preSolution
		{7AFAE809-5D29-4DDC-A8A1-3F8E09F24E40} = {34B25A26-A4A2-45A2-9690-DB1E22F5F921}
	EndGlobalSection
EndGlobal
